// !$*UTF8*$!
{
	archiveVersion = 1;
	classes = {
	};
	objectVersion = 56;
	objects = {

/* Begin PBXBuildFile section */
		5B768FD62A0F656400A480F2 /* ActiveThingsApp.swift in Sources */ = {isa = PBXBuildFile; fileRef = 5B768FD52A0F656400A480F2 /* ActiveThingsApp.swift */; };
		5B768FD82A0F656400A480F2 /* ContentView.swift in Sources */ = {isa = PBXBuildFile; fileRef = 5B768FD72A0F656400A480F2 /* ContentView.swift */; };
		5B768FDA2A0F656500A480F2 /* Assets.xcassets in Resources */ = {isa = PBXBuildFile; fileRef = 5B768FD92A0F656500A480F2 /* Assets.xcassets */; };
		5B768FDD2A0F656500A480F2 /* Preview Assets.xcassets in Resources */ = {isa = PBXBuildFile; fileRef = 5B768FDC2A0F656500A480F2 /* Preview Assets.xcassets */; };
		5B768FE82A0F656500A480F2 /* ActiveThingsTests.swift in Sources */ = {isa = PBXBuildFile; fileRef = 5B768FE72A0F656500A480F2 /* ActiveThingsTests.swift */; };
		5B768FF22A0F656500A480F2 /* ActiveThingsUITests.swift in Sources */ = {isa = PBXBuildFile; fileRef = 5B768FF12A0F656500A480F2 /* ActiveThingsUITests.swift */; };
		5B768FF42A0F656500A480F2 /* ActiveThingsUITestsLaunchTests.swift in Sources */ = {isa = PBXBuildFile; fileRef = 5B768FF32A0F656500A480F2 /* ActiveThingsUITestsLaunchTests.swift */; };
		5B7690032A0F8E7100A480F2 /* fetchToDos.scpt in Copy Files */ = {isa = PBXBuildFile; fileRef = 5B7690012A0F8D7200A480F2 /* fetchToDos.scpt */; };
		5B7690052A1006BD00A480F2 /* TapGestureHandler.swift in Sources */ = {isa = PBXBuildFile; fileRef = 5B7690042A1006BD00A480F2 /* TapGestureHandler.swift */; };
		5B76900D2A1034A900A480F2 /* AppModelAndMenu.swift in Sources */ = {isa = PBXBuildFile; fileRef = 5B76900C2A1034A900A480F2 /* AppModelAndMenu.swift */; };
		5B76900F2A10432900A480F2 /* PreferencesView.swift in Sources */ = {isa = PBXBuildFile; fileRef = 5B76900E2A10432900A480F2 /* PreferencesView.swift */; };
		5B7690112A1043B100A480F2 /* Things.swift in Sources */ = {isa = PBXBuildFile; fileRef = 5B7690102A1043B100A480F2 /* Things.swift */; };
		5B7690132A1043D200A480F2 /* ThingsManager.swift in Sources */ = {isa = PBXBuildFile; fileRef = 5B7690122A1043D200A480F2 /* ThingsManager.swift */; };
		5B7690152A10440200A480F2 /* AppleScriptExecutor.swift in Sources */ = {isa = PBXBuildFile; fileRef = 5B7690142A10440200A480F2 /* AppleScriptExecutor.swift */; };
		5B7690172A10465000A480F2 /* AreasSelectorView.swift in Sources */ = {isa = PBXBuildFile; fileRef = 5B7690162A10465000A480F2 /* AreasSelectorView.swift */; };
		5B7690192A104DF900A480F2 /* fetchAreas.scpt in Copy Files */ = {isa = PBXBuildFile; fileRef = 5B7690182A104DC900A480F2 /* fetchAreas.scpt */; };
		5B76901C2A11390000A480F2 /* KeyboardShortcuts in Frameworks */ = {isa = PBXBuildFile; productRef = 5B76901B2A11390000A480F2 /* KeyboardShortcuts */; };
		5BD4DF0C2A14ED4200CE2EDC /* AppPosition.swift in Sources */ = {isa = PBXBuildFile; fileRef = 5BD4DF0B2A14ED4200CE2EDC /* AppPosition.swift */; };
/* End PBXBuildFile section */

/* Begin PBXContainerItemProxy section */
		5B768FE42A0F656500A480F2 /* PBXContainerItemProxy */ = {
			isa = PBXContainerItemProxy;
			containerPortal = 5B768FCA2A0F656400A480F2 /* Project object */;
			proxyType = 1;
			remoteGlobalIDString = 5B768FD12A0F656400A480F2;
			remoteInfo = ActiveThings;
		};
		5B768FEE2A0F656500A480F2 /* PBXContainerItemProxy */ = {
			isa = PBXContainerItemProxy;
			containerPortal = 5B768FCA2A0F656400A480F2 /* Project object */;
			proxyType = 1;
			remoteGlobalIDString = 5B768FD12A0F656400A480F2;
			remoteInfo = ActiveThings;
		};
/* End PBXContainerItemProxy section */

/* Begin PBXCopyFilesBuildPhase section */
		5B7690022A0F8E5300A480F2 /* Copy Files */ = {
			isa = PBXCopyFilesBuildPhase;
			buildActionMask = 2147483647;
			dstPath = "Users/$USER/Library/Application Scripts/$PRODUCT_BUNDLE_IDENTIFIER";
			dstSubfolderSpec = 0;
			files = (
				5B7690032A0F8E7100A480F2 /* fetchToDos.scpt in Copy Files */,
				5B7690192A104DF900A480F2 /* fetchAreas.scpt in Copy Files */,
			);
			name = "Copy Files";
			runOnlyForDeploymentPostprocessing = 0;
		};
/* End PBXCopyFilesBuildPhase section */

/* Begin PBXFileReference section */
		5B768FD22A0F656400A480F2 /* ActiveThings.app */ = {isa = PBXFileReference; explicitFileType = wrapper.application; includeInIndex = 0; path = ActiveThings.app; sourceTree = BUILT_PRODUCTS_DIR; };
		5B768FD52A0F656400A480F2 /* ActiveThingsApp.swift */ = {isa = PBXFileReference; lastKnownFileType = sourcecode.swift; path = ActiveThingsApp.swift; sourceTree = "<group>"; };
		5B768FD72A0F656400A480F2 /* ContentView.swift */ = {isa = PBXFileReference; lastKnownFileType = sourcecode.swift; path = ContentView.swift; sourceTree = "<group>"; };
		5B768FD92A0F656500A480F2 /* Assets.xcassets */ = {isa = PBXFileReference; lastKnownFileType = folder.assetcatalog; path = Assets.xcassets; sourceTree = "<group>"; };
		5B768FDC2A0F656500A480F2 /* Preview Assets.xcassets */ = {isa = PBXFileReference; lastKnownFileType = folder.assetcatalog; path = "Preview Assets.xcassets"; sourceTree = "<group>"; };
		5B768FDE2A0F656500A480F2 /* ActiveThings.entitlements */ = {isa = PBXFileReference; lastKnownFileType = text.plist.entitlements; path = ActiveThings.entitlements; sourceTree = "<group>"; };
		5B768FE32A0F656500A480F2 /* ActiveThingsTests.xctest */ = {isa = PBXFileReference; explicitFileType = wrapper.cfbundle; includeInIndex = 0; path = ActiveThingsTests.xctest; sourceTree = BUILT_PRODUCTS_DIR; };
		5B768FE72A0F656500A480F2 /* ActiveThingsTests.swift */ = {isa = PBXFileReference; lastKnownFileType = sourcecode.swift; path = ActiveThingsTests.swift; sourceTree = "<group>"; };
		5B768FED2A0F656500A480F2 /* ActiveThingsUITests.xctest */ = {isa = PBXFileReference; explicitFileType = wrapper.cfbundle; includeInIndex = 0; path = ActiveThingsUITests.xctest; sourceTree = BUILT_PRODUCTS_DIR; };
		5B768FF12A0F656500A480F2 /* ActiveThingsUITests.swift */ = {isa = PBXFileReference; lastKnownFileType = sourcecode.swift; path = ActiveThingsUITests.swift; sourceTree = "<group>"; };
		5B768FF32A0F656500A480F2 /* ActiveThingsUITestsLaunchTests.swift */ = {isa = PBXFileReference; lastKnownFileType = sourcecode.swift; path = ActiveThingsUITestsLaunchTests.swift; sourceTree = "<group>"; };
		5B7690002A0F890A00A480F2 /* Info.plist */ = {isa = PBXFileReference; lastKnownFileType = text.plist; path = Info.plist; sourceTree = "<group>"; };
		5B7690012A0F8D7200A480F2 /* fetchToDos.scpt */ = {isa = PBXFileReference; lastKnownFileType = text; path = fetchToDos.scpt; sourceTree = "<group>"; };
		5B7690042A1006BD00A480F2 /* TapGestureHandler.swift */ = {isa = PBXFileReference; lastKnownFileType = sourcecode.swift; path = TapGestureHandler.swift; sourceTree = "<group>"; };
		5B76900C2A1034A900A480F2 /* AppModelAndMenu.swift */ = {isa = PBXFileReference; lastKnownFileType = sourcecode.swift; path = AppModelAndMenu.swift; sourceTree = "<group>"; };
		5B76900E2A10432900A480F2 /* PreferencesView.swift */ = {isa = PBXFileReference; fileEncoding = 4; lastKnownFileType = sourcecode.swift; path = PreferencesView.swift; sourceTree = SOURCE_ROOT; };
		5B7690102A1043B100A480F2 /* Things.swift */ = {isa = PBXFileReference; lastKnownFileType = sourcecode.swift; path = Things.swift; sourceTree = "<group>"; };
		5B7690122A1043D200A480F2 /* ThingsManager.swift */ = {isa = PBXFileReference; lastKnownFileType = sourcecode.swift; path = ThingsManager.swift; sourceTree = "<group>"; };
		5B7690142A10440200A480F2 /* AppleScriptExecutor.swift */ = {isa = PBXFileReference; lastKnownFileType = sourcecode.swift; path = AppleScriptExecutor.swift; sourceTree = "<group>"; };
		5B7690162A10465000A480F2 /* AreasSelectorView.swift */ = {isa = PBXFileReference; lastKnownFileType = sourcecode.swift; path = AreasSelectorView.swift; sourceTree = "<group>"; };
		5B7690182A104DC900A480F2 /* fetchAreas.scpt */ = {isa = PBXFileReference; lastKnownFileType = text.script.sh; path = fetchAreas.scpt; sourceTree = "<group>"; };
		5BD4DF0B2A14ED4200CE2EDC /* AppPosition.swift */ = {isa = PBXFileReference; lastKnownFileType = sourcecode.swift; path = AppPosition.swift; sourceTree = "<group>"; };
/* End PBXFileReference section */

/* Begin PBXFrameworksBuildPhase section */
		5B768FCF2A0F656400A480F2 /* Frameworks */ = {
			isa = PBXFrameworksBuildPhase;
			buildActionMask = 2147483647;
			files = (
				5B76901C2A11390000A480F2 /* KeyboardShortcuts in Frameworks */,
			);
			runOnlyForDeploymentPostprocessing = 0;
		};
		5B768FE02A0F656500A480F2 /* Frameworks */ = {
			isa = PBXFrameworksBuildPhase;
			buildActionMask = 2147483647;
			files = (
			);
			runOnlyForDeploymentPostprocessing = 0;
		};
		5B768FEA2A0F656500A480F2 /* Frameworks */ = {
			isa = PBXFrameworksBuildPhase;
			buildActionMask = 2147483647;
			files = (
			);
			runOnlyForDeploymentPostprocessing = 0;
		};
/* End PBXFrameworksBuildPhase section */

/* Begin PBXGroup section */
		5B768FC92A0F656400A480F2 = {
			isa = PBXGroup;
			children = (
				5B7690182A104DC900A480F2 /* fetchAreas.scpt */,
				5B7690012A0F8D7200A480F2 /* fetchToDos.scpt */,
				5B768FD42A0F656400A480F2 /* ActiveThings */,
				5B768FE62A0F656500A480F2 /* ActiveThingsTests */,
				5B768FF02A0F656500A480F2 /* ActiveThingsUITests */,
				5B768FD32A0F656400A480F2 /* Products */,
			);
			sourceTree = "<group>";
		};
		5B768FD32A0F656400A480F2 /* Products */ = {
			isa = PBXGroup;
			children = (
				5B768FD22A0F656400A480F2 /* ActiveThings.app */,
				5B768FE32A0F656500A480F2 /* ActiveThingsTests.xctest */,
				5B768FED2A0F656500A480F2 /* ActiveThingsUITests.xctest */,
			);
			name = Products;
			sourceTree = "<group>";
		};
		5B768FD42A0F656400A480F2 /* ActiveThings */ = {
			isa = PBXGroup;
			children = (
				5B7690142A10440200A480F2 /* AppleScriptExecutor.swift */,
				5B7690122A1043D200A480F2 /* ThingsManager.swift */,
				5B7690162A10465000A480F2 /* AreasSelectorView.swift */,
				5B7690102A1043B100A480F2 /* Things.swift */,
				5B76900C2A1034A900A480F2 /* AppModelAndMenu.swift */,
				5B7690042A1006BD00A480F2 /* TapGestureHandler.swift */,
				5B7690002A0F890A00A480F2 /* Info.plist */,
				5B76900E2A10432900A480F2 /* PreferencesView.swift */,
				5B768FD52A0F656400A480F2 /* ActiveThingsApp.swift */,
				5B768FD72A0F656400A480F2 /* ContentView.swift */,
				5B768FD92A0F656500A480F2 /* Assets.xcassets */,
				5B768FDE2A0F656500A480F2 /* ActiveThings.entitlements */,
				5B768FDB2A0F656500A480F2 /* Preview Content */,
				5BD4DF0B2A14ED4200CE2EDC /* AppPosition.swift */,
			);
			path = ActiveThings;
			sourceTree = "<group>";
		};
		5B768FDB2A0F656500A480F2 /* Preview Content */ = {
			isa = PBXGroup;
			children = (
				5B768FDC2A0F656500A480F2 /* Preview Assets.xcassets */,
			);
			path = "Preview Content";
			sourceTree = "<group>";
		};
		5B768FE62A0F656500A480F2 /* ActiveThingsTests */ = {
			isa = PBXGroup;
			children = (
				5B768FE72A0F656500A480F2 /* ActiveThingsTests.swift */,
			);
			path = ActiveThingsTests;
			sourceTree = "<group>";
		};
		5B768FF02A0F656500A480F2 /* ActiveThingsUITests */ = {
			isa = PBXGroup;
			children = (
				5B768FF12A0F656500A480F2 /* ActiveThingsUITests.swift */,
				5B768FF32A0F656500A480F2 /* ActiveThingsUITestsLaunchTests.swift */,
			);
			path = ActiveThingsUITests;
			sourceTree = "<group>";
		};
/* End PBXGroup section */

/* Begin PBXNativeTarget section */
		5B768FD12A0F656400A480F2 /* ActiveThings */ = {
			isa = PBXNativeTarget;
			buildConfigurationList = 5B768FF72A0F656500A480F2 /* Build configuration list for PBXNativeTarget "ActiveThings" */;
			buildPhases = (
				5B768FCE2A0F656400A480F2 /* Sources */,
				5B768FCF2A0F656400A480F2 /* Frameworks */,
				5B768FD02A0F656400A480F2 /* Resources */,
				5B7690022A0F8E5300A480F2 /* Copy Files */,
			);
			buildRules = (
			);
			dependencies = (
			);
			name = ActiveThings;
			packageProductDependencies = (
				5B76901B2A11390000A480F2 /* KeyboardShortcuts */,
			);
			productName = ActiveThings;
			productReference = 5B768FD22A0F656400A480F2 /* ActiveThings.app */;
			productType = "com.apple.product-type.application";
		};
		5B768FE22A0F656500A480F2 /* ActiveThingsTests */ = {
			isa = PBXNativeTarget;
			buildConfigurationList = 5B768FFA2A0F656500A480F2 /* Build configuration list for PBXNativeTarget "ActiveThingsTests" */;
			buildPhases = (
				5B768FDF2A0F656500A480F2 /* Sources */,
				5B768FE02A0F656500A480F2 /* Frameworks */,
				5B768FE12A0F656500A480F2 /* Resources */,
			);
			buildRules = (
			);
			dependencies = (
				5B768FE52A0F656500A480F2 /* PBXTargetDependency */,
			);
			name = ActiveThingsTests;
			productName = ActiveThingsTests;
			productReference = 5B768FE32A0F656500A480F2 /* ActiveThingsTests.xctest */;
			productType = "com.apple.product-type.bundle.unit-test";
		};
		5B768FEC2A0F656500A480F2 /* ActiveThingsUITests */ = {
			isa = PBXNativeTarget;
			buildConfigurationList = 5B768FFD2A0F656500A480F2 /* Build configuration list for PBXNativeTarget "ActiveThingsUITests" */;
			buildPhases = (
				5B768FE92A0F656500A480F2 /* Sources */,
				5B768FEA2A0F656500A480F2 /* Frameworks */,
				5B768FEB2A0F656500A480F2 /* Resources */,
			);
			buildRules = (
			);
			dependencies = (
				5B768FEF2A0F656500A480F2 /* PBXTargetDependency */,
			);
			name = ActiveThingsUITests;
			productName = ActiveThingsUITests;
			productReference = 5B768FED2A0F656500A480F2 /* ActiveThingsUITests.xctest */;
			productType = "com.apple.product-type.bundle.ui-testing";
		};
/* End PBXNativeTarget section */

/* Begin PBXProject section */
		5B768FCA2A0F656400A480F2 /* Project object */ = {
			isa = PBXProject;
			attributes = {
				BuildIndependentTargetsInParallel = 1;
				LastSwiftUpdateCheck = 1430;
				LastUpgradeCheck = 1430;
				TargetAttributes = {
					5B768FD12A0F656400A480F2 = {
						CreatedOnToolsVersion = 14.3;
					};
					5B768FE22A0F656500A480F2 = {
						CreatedOnToolsVersion = 14.3;
						TestTargetID = 5B768FD12A0F656400A480F2;
					};
					5B768FEC2A0F656500A480F2 = {
						CreatedOnToolsVersion = 14.3;
						TestTargetID = 5B768FD12A0F656400A480F2;
					};
				};
			};
			buildConfigurationList = 5B768FCD2A0F656400A480F2 /* Build configuration list for PBXProject "ActiveThings" */;
			compatibilityVersion = "Xcode 14.0";
			developmentRegion = en;
			hasScannedForEncodings = 0;
			knownRegions = (
				en,
				Base,
			);
			mainGroup = 5B768FC92A0F656400A480F2;
			packageReferences = (
				5B76901A2A11390000A480F2 /* XCRemoteSwiftPackageReference "KeyboardShortcuts" */,
			);
			productRefGroup = 5B768FD32A0F656400A480F2 /* Products */;
			projectDirPath = "";
			projectRoot = "";
			targets = (
				5B768FD12A0F656400A480F2 /* ActiveThings */,
				5B768FE22A0F656500A480F2 /* ActiveThingsTests */,
				5B768FEC2A0F656500A480F2 /* ActiveThingsUITests */,
			);
		};
/* End PBXProject section */

/* Begin PBXResourcesBuildPhase section */
		5B768FD02A0F656400A480F2 /* Resources */ = {
			isa = PBXResourcesBuildPhase;
			buildActionMask = 2147483647;
			files = (
				5B768FDD2A0F656500A480F2 /* Preview Assets.xcassets in Resources */,
				5B768FDA2A0F656500A480F2 /* Assets.xcassets in Resources */,
			);
			runOnlyForDeploymentPostprocessing = 0;
		};
		5B768FE12A0F656500A480F2 /* Resources */ = {
			isa = PBXResourcesBuildPhase;
			buildActionMask = 2147483647;
			files = (
			);
			runOnlyForDeploymentPostprocessing = 0;
		};
		5B768FEB2A0F656500A480F2 /* Resources */ = {
			isa = PBXResourcesBuildPhase;
			buildActionMask = 2147483647;
			files = (
			);
			runOnlyForDeploymentPostprocessing = 0;
		};
/* End PBXResourcesBuildPhase section */

/* Begin PBXSourcesBuildPhase section */
		5B768FCE2A0F656400A480F2 /* Sources */ = {
			isa = PBXSourcesBuildPhase;
			buildActionMask = 2147483647;
			files = (
				5B7690172A10465000A480F2 /* AreasSelectorView.swift in Sources */,
				5B76900F2A10432900A480F2 /* PreferencesView.swift in Sources */,
				5B7690052A1006BD00A480F2 /* TapGestureHandler.swift in Sources */,
				5B768FD82A0F656400A480F2 /* ContentView.swift in Sources */,
				5B7690132A1043D200A480F2 /* ThingsManager.swift in Sources */,
				5B7690112A1043B100A480F2 /* Things.swift in Sources */,
				5BD4DF0C2A14ED4200CE2EDC /* AppPosition.swift in Sources */,
				5B7690152A10440200A480F2 /* AppleScriptExecutor.swift in Sources */,
				5B76900D2A1034A900A480F2 /* AppModelAndMenu.swift in Sources */,
				5B768FD62A0F656400A480F2 /* ActiveThingsApp.swift in Sources */,
			);
			runOnlyForDeploymentPostprocessing = 0;
		};
		5B768FDF2A0F656500A480F2 /* Sources */ = {
			isa = PBXSourcesBuildPhase;
			buildActionMask = 2147483647;
			files = (
				5B768FE82A0F656500A480F2 /* ActiveThingsTests.swift in Sources */,
			);
			runOnlyForDeploymentPostprocessing = 0;
		};
		5B768FE92A0F656500A480F2 /* Sources */ = {
			isa = PBXSourcesBuildPhase;
			buildActionMask = 2147483647;
			files = (
				5B768FF22A0F656500A480F2 /* ActiveThingsUITests.swift in Sources */,
				5B768FF42A0F656500A480F2 /* ActiveThingsUITestsLaunchTests.swift in Sources */,
			);
			runOnlyForDeploymentPostprocessing = 0;
		};
/* End PBXSourcesBuildPhase section */

/* Begin PBXTargetDependency section */
		5B768FE52A0F656500A480F2 /* PBXTargetDependency */ = {
			isa = PBXTargetDependency;
			target = 5B768FD12A0F656400A480F2 /* ActiveThings */;
			targetProxy = 5B768FE42A0F656500A480F2 /* PBXContainerItemProxy */;
		};
		5B768FEF2A0F656500A480F2 /* PBXTargetDependency */ = {
			isa = PBXTargetDependency;
			target = 5B768FD12A0F656400A480F2 /* ActiveThings */;
			targetProxy = 5B768FEE2A0F656500A480F2 /* PBXContainerItemProxy */;
		};
/* End PBXTargetDependency section */

/* Begin XCBuildConfiguration section */
		5B768FF52A0F656500A480F2 /* Debug */ = {
			isa = XCBuildConfiguration;
			buildSettings = {
				ALWAYS_SEARCH_USER_PATHS = NO;
				CLANG_ANALYZER_NONNULL = YES;
				CLANG_ANALYZER_NUMBER_OBJECT_CONVERSION = YES_AGGRESSIVE;
				CLANG_CXX_LANGUAGE_STANDARD = "gnu++20";
				CLANG_ENABLE_MODULES = YES;
				CLANG_ENABLE_OBJC_ARC = YES;
				CLANG_ENABLE_OBJC_WEAK = YES;
				CLANG_WARN_BLOCK_CAPTURE_AUTORELEASING = YES;
				CLANG_WARN_BOOL_CONVERSION = YES;
				CLANG_WARN_COMMA = YES;
				CLANG_WARN_CONSTANT_CONVERSION = YES;
				CLANG_WARN_DEPRECATED_OBJC_IMPLEMENTATIONS = YES;
				CLANG_WARN_DIRECT_OBJC_ISA_USAGE = YES_ERROR;
				CLANG_WARN_DOCUMENTATION_COMMENTS = YES;
				CLANG_WARN_EMPTY_BODY = YES;
				CLANG_WARN_ENUM_CONVERSION = YES;
				CLANG_WARN_INFINITE_RECURSION = YES;
				CLANG_WARN_INT_CONVERSION = YES;
				CLANG_WARN_NON_LITERAL_NULL_CONVERSION = YES;
				CLANG_WARN_OBJC_IMPLICIT_RETAIN_SELF = YES;
				CLANG_WARN_OBJC_LITERAL_CONVERSION = YES;
				CLANG_WARN_OBJC_ROOT_CLASS = YES_ERROR;
				CLANG_WARN_QUOTED_INCLUDE_IN_FRAMEWORK_HEADER = YES;
				CLANG_WARN_RANGE_LOOP_ANALYSIS = YES;
				CLANG_WARN_STRICT_PROTOTYPES = YES;
				CLANG_WARN_SUSPICIOUS_MOVE = YES;
				CLANG_WARN_UNGUARDED_AVAILABILITY = YES_AGGRESSIVE;
				CLANG_WARN_UNREACHABLE_CODE = YES;
				CLANG_WARN__DUPLICATE_METHOD_MATCH = YES;
				COPY_PHASE_STRIP = NO;
				DEBUG_INFORMATION_FORMAT = dwarf;
				ENABLE_STRICT_OBJC_MSGSEND = YES;
				ENABLE_TESTABILITY = YES;
				GCC_C_LANGUAGE_STANDARD = gnu11;
				GCC_DYNAMIC_NO_PIC = NO;
				GCC_NO_COMMON_BLOCKS = YES;
				GCC_OPTIMIZATION_LEVEL = 0;
				GCC_PREPROCESSOR_DEFINITIONS = (
					"DEBUG=1",
					"$(inherited)",
				);
				GCC_WARN_64_TO_32_BIT_CONVERSION = YES;
				GCC_WARN_ABOUT_RETURN_TYPE = YES_ERROR;
				GCC_WARN_UNDECLARED_SELECTOR = YES;
				GCC_WARN_UNINITIALIZED_AUTOS = YES_AGGRESSIVE;
				GCC_WARN_UNUSED_FUNCTION = YES;
				GCC_WARN_UNUSED_VARIABLE = YES;
				MACOSX_DEPLOYMENT_TARGET = 13.3;
				MTL_ENABLE_DEBUG_INFO = INCLUDE_SOURCE;
				MTL_FAST_MATH = YES;
				ONLY_ACTIVE_ARCH = YES;
				SDKROOT = macosx;
				SWIFT_ACTIVE_COMPILATION_CONDITIONS = DEBUG;
				SWIFT_OPTIMIZATION_LEVEL = "-Onone";
			};
			name = Debug;
		};
		5B768FF62A0F656500A480F2 /* Release */ = {
			isa = XCBuildConfiguration;
			buildSettings = {
				ALWAYS_SEARCH_USER_PATHS = NO;
				CLANG_ANALYZER_NONNULL = YES;
				CLANG_ANALYZER_NUMBER_OBJECT_CONVERSION = YES_AGGRESSIVE;
				CLANG_CXX_LANGUAGE_STANDARD = "gnu++20";
				CLANG_ENABLE_MODULES = YES;
				CLANG_ENABLE_OBJC_ARC = YES;
				CLANG_ENABLE_OBJC_WEAK = YES;
				CLANG_WARN_BLOCK_CAPTURE_AUTORELEASING = YES;
				CLANG_WARN_BOOL_CONVERSION = YES;
				CLANG_WARN_COMMA = YES;
				CLANG_WARN_CONSTANT_CONVERSION = YES;
				CLANG_WARN_DEPRECATED_OBJC_IMPLEMENTATIONS = YES;
				CLANG_WARN_DIRECT_OBJC_ISA_USAGE = YES_ERROR;
				CLANG_WARN_DOCUMENTATION_COMMENTS = YES;
				CLANG_WARN_EMPTY_BODY = YES;
				CLANG_WARN_ENUM_CONVERSION = YES;
				CLANG_WARN_INFINITE_RECURSION = YES;
				CLANG_WARN_INT_CONVERSION = YES;
				CLANG_WARN_NON_LITERAL_NULL_CONVERSION = YES;
				CLANG_WARN_OBJC_IMPLICIT_RETAIN_SELF = YES;
				CLANG_WARN_OBJC_LITERAL_CONVERSION = YES;
				CLANG_WARN_OBJC_ROOT_CLASS = YES_ERROR;
				CLANG_WARN_QUOTED_INCLUDE_IN_FRAMEWORK_HEADER = YES;
				CLANG_WARN_RANGE_LOOP_ANALYSIS = YES;
				CLANG_WARN_STRICT_PROTOTYPES = YES;
				CLANG_WARN_SUSPICIOUS_MOVE = YES;
				CLANG_WARN_UNGUARDED_AVAILABILITY = YES_AGGRESSIVE;
				CLANG_WARN_UNREACHABLE_CODE = YES;
				CLANG_WARN__DUPLICATE_METHOD_MATCH = YES;
				COPY_PHASE_STRIP = NO;
				DEBUG_INFORMATION_FORMAT = "dwarf-with-dsym";
				ENABLE_NS_ASSERTIONS = NO;
				ENABLE_STRICT_OBJC_MSGSEND = YES;
				GCC_C_LANGUAGE_STANDARD = gnu11;
				GCC_NO_COMMON_BLOCKS = YES;
				GCC_WARN_64_TO_32_BIT_CONVERSION = YES;
				GCC_WARN_ABOUT_RETURN_TYPE = YES_ERROR;
				GCC_WARN_UNDECLARED_SELECTOR = YES;
				GCC_WARN_UNINITIALIZED_AUTOS = YES_AGGRESSIVE;
				GCC_WARN_UNUSED_FUNCTION = YES;
				GCC_WARN_UNUSED_VARIABLE = YES;
				MACOSX_DEPLOYMENT_TARGET = 13.3;
				MTL_ENABLE_DEBUG_INFO = NO;
				MTL_FAST_MATH = YES;
				SDKROOT = macosx;
				SWIFT_COMPILATION_MODE = wholemodule;
				SWIFT_OPTIMIZATION_LEVEL = "-O";
			};
			name = Release;
		};
		5B768FF82A0F656500A480F2 /* Debug */ = {
			isa = XCBuildConfiguration;
			buildSettings = {
				ASSETCATALOG_COMPILER_APPICON_NAME = AppIcon;
				ASSETCATALOG_COMPILER_GLOBAL_ACCENT_COLOR_NAME = AccentColor;
				ASSETCATALOG_COMPILER_INCLUDE_ALL_APPICON_ASSETS = YES;
				CODE_SIGN_ENTITLEMENTS = ActiveThings/ActiveThings.entitlements;
				CODE_SIGN_STYLE = Automatic;
				COMBINE_HIDPI_IMAGES = YES;
				CURRENT_PROJECT_VERSION = 1;
				DEVELOPMENT_ASSET_PATHS = "\"ActiveThings/Preview Content\"";
				DEVELOPMENT_TEAM = 5Q4H9F8GR8;
				ENABLE_HARDENED_RUNTIME = YES;
				ENABLE_PREVIEWS = YES;
				GENERATE_INFOPLIST_FILE = YES;
				INFOPLIST_FILE = ActiveThings/Info.plist;
				INFOPLIST_KEY_CFBundleDisplayName = "Active Things";
				INFOPLIST_KEY_LSApplicationCategoryType = "public.app-category.productivity";
				INFOPLIST_KEY_NSHumanReadableCopyright = "";
				LD_RUNPATH_SEARCH_PATHS = (
					"$(inherited)",
					"@executable_path/../Frameworks",
				);
				MARKETING_VERSION = 1.0;
				PRODUCT_BUNDLE_IDENTIFIER = com.ctrlok.ActiveThings;
				PRODUCT_NAME = "$(TARGET_NAME)";
				SWIFT_EMIT_LOC_STRINGS = YES;
				SWIFT_VERSION = 5.0;
			};
			name = Debug;
		};
		5B768FF92A0F656500A480F2 /* Release */ = {
			isa = XCBuildConfiguration;
			buildSettings = {
				ASSETCATALOG_COMPILER_APPICON_NAME = AppIcon;
				ASSETCATALOG_COMPILER_GLOBAL_ACCENT_COLOR_NAME = AccentColor;
				ASSETCATALOG_COMPILER_INCLUDE_ALL_APPICON_ASSETS = YES;
				CODE_SIGN_ENTITLEMENTS = ActiveThings/ActiveThings.entitlements;
				CODE_SIGN_STYLE = Automatic;
				COMBINE_HIDPI_IMAGES = YES;
				CURRENT_PROJECT_VERSION = 1;
				DEVELOPMENT_ASSET_PATHS = "\"ActiveThings/Preview Content\"";
				DEVELOPMENT_TEAM = 5Q4H9F8GR8;
				ENABLE_HARDENED_RUNTIME = YES;
				ENABLE_PREVIEWS = YES;
				GENERATE_INFOPLIST_FILE = YES;
				INFOPLIST_FILE = ActiveThings/Info.plist;
				INFOPLIST_KEY_CFBundleDisplayName = "Active Things";
				INFOPLIST_KEY_LSApplicationCategoryType = "public.app-category.productivity";
				INFOPLIST_KEY_NSHumanReadableCopyright = "";
				LD_RUNPATH_SEARCH_PATHS = (
					"$(inherited)",
					"@executable_path/../Frameworks",
				);
				MARKETING_VERSION = 1.0;
				PRODUCT_BUNDLE_IDENTIFIER = com.ctrlok.ActiveThings;
				PRODUCT_NAME = "$(TARGET_NAME)";
				SWIFT_EMIT_LOC_STRINGS = YES;
				SWIFT_VERSION = 5.0;
			};
			name = Release;
		};
		5B768FFB2A0F656500A480F2 /* Debug */ = {
			isa = XCBuildConfiguration;
			buildSettings = {
				ALWAYS_EMBED_SWIFT_STANDARD_LIBRARIES = YES;
				BUNDLE_LOADER = "$(TEST_HOST)";
				CODE_SIGN_STYLE = Automatic;
				CURRENT_PROJECT_VERSION = 1;
				DEVELOPMENT_TEAM = 5Q4H9F8GR8;
				GENERATE_INFOPLIST_FILE = YES;
				MACOSX_DEPLOYMENT_TARGET = 13.3;
				MARKETING_VERSION = 1.0;
				PRODUCT_BUNDLE_IDENTIFIER = com.ctrlok.ActiveThingsTests;
				PRODUCT_NAME = "$(TARGET_NAME)";
				SWIFT_EMIT_LOC_STRINGS = NO;
				SWIFT_VERSION = 5.0;
				TEST_HOST = "$(BUILT_PRODUCTS_DIR)/ActiveThings.app/$(BUNDLE_EXECUTABLE_FOLDER_PATH)/ActiveThings";
			};
			name = Debug;
		};
		5B768FFC2A0F656500A480F2 /* Release */ = {
			isa = XCBuildConfiguration;
			buildSettings = {
				ALWAYS_EMBED_SWIFT_STANDARD_LIBRARIES = YES;
				BUNDLE_LOADER = "$(TEST_HOST)";
				CODE_SIGN_STYLE = Automatic;
				CURRENT_PROJECT_VERSION = 1;
				DEVELOPMENT_TEAM = 5Q4H9F8GR8;
				GENERATE_INFOPLIST_FILE = YES;
				MACOSX_DEPLOYMENT_TARGET = 13.3;
				MARKETING_VERSION = 1.0;
				PRODUCT_BUNDLE_IDENTIFIER = com.ctrlok.ActiveThingsTests;
				PRODUCT_NAME = "$(TARGET_NAME)";
				SWIFT_EMIT_LOC_STRINGS = NO;
				SWIFT_VERSION = 5.0;
				TEST_HOST = "$(BUILT_PRODUCTS_DIR)/ActiveThings.app/$(BUNDLE_EXECUTABLE_FOLDER_PATH)/ActiveThings";
			};
			name = Release;
		};
		5B768FFE2A0F656500A480F2 /* Debug */ = {
			isa = XCBuildConfiguration;
			buildSettings = {
				ALWAYS_EMBED_SWIFT_STANDARD_LIBRARIES = YES;
				CODE_SIGN_STYLE = Automatic;
				CURRENT_PROJECT_VERSION = 1;
				DEVELOPMENT_TEAM = 5Q4H9F8GR8;
				GENERATE_INFOPLIST_FILE = YES;
				MARKETING_VERSION = 1.0;
				PRODUCT_BUNDLE_IDENTIFIER = com.ctrlok.ActiveThingsUITests;
				PRODUCT_NAME = "$(TARGET_NAME)";
				SWIFT_EMIT_LOC_STRINGS = NO;
				SWIFT_VERSION = 5.0;
				TEST_TARGET_NAME = ActiveThings;
			};
			name = Debug;
		};
		5B768FFF2A0F656500A480F2 /* Release */ = {
			isa = XCBuildConfiguration;
			buildSettings = {
				ALWAYS_EMBED_SWIFT_STANDARD_LIBRARIES = YES;
				CODE_SIGN_STYLE = Automatic;
				CURRENT_PROJECT_VERSION = 1;
				DEVELOPMENT_TEAM = 5Q4H9F8GR8;
				GENERATE_INFOPLIST_FILE = YES;
				MARKETING_VERSION = 1.0;
				PRODUCT_BUNDLE_IDENTIFIER = com.ctrlok.ActiveThingsUITests;
				PRODUCT_NAME = "$(TARGET_NAME)";
				SWIFT_EMIT_LOC_STRINGS = NO;
				SWIFT_VERSION = 5.0;
				TEST_TARGET_NAME = ActiveThings;
			};
			name = Release;
		};
/* End XCBuildConfiguration section */

/* Begin XCConfigurationList section */
		5B768FCD2A0F656400A480F2 /* Build configuration list for PBXProject "ActiveThings" */ = {
			isa = XCConfigurationList;
			buildConfigurations = (
				5B768FF52A0F656500A480F2 /* Debug */,
				5B768FF62A0F656500A480F2 /* Release */,
			);
			defaultConfigurationIsVisible = 0;
			defaultConfigurationName = Release;
		};
		5B768FF72A0F656500A480F2 /* Build configuration list for PBXNativeTarget "ActiveThings" */ = {
			isa = XCConfigurationList;
			buildConfigurations = (
				5B768FF82A0F656500A480F2 /* Debug */,
				5B768FF92A0F656500A480F2 /* Release */,
			);
			defaultConfigurationIsVisible = 0;
			defaultConfigurationName = Release;
		};
		5B768FFA2A0F656500A480F2 /* Build configuration list for PBXNativeTarget "ActiveThingsTests" */ = {
			isa = XCConfigurationList;
			buildConfigurations = (
				5B768FFB2A0F656500A480F2 /* Debug */,
				5B768FFC2A0F656500A480F2 /* Release */,
			);
			defaultConfigurationIsVisible = 0;
			defaultConfigurationName = Release;
		};
		5B768FFD2A0F656500A480F2 /* Build configuration list for PBXNativeTarget "ActiveThingsUITests" */ = {
			isa = XCConfigurationList;
			buildConfigurations = (
				5B768FFE2A0F656500A480F2 /* Debug */,
				5B768FFF2A0F656500A480F2 /* Release */,
			);
			defaultConfigurationIsVisible = 0;
			defaultConfigurationName = Release;
		};
/* End XCConfigurationList section */

/* Begin XCRemoteSwiftPackageReference section */
		5B76901A2A11390000A480F2 /* XCRemoteSwiftPackageReference "KeyboardShortcuts" */ = {
			isa = XCRemoteSwiftPackageReference;
			repositoryURL = "https://github.com/sindresorhus/KeyboardShortcuts";
			requirement = {
				kind = upToNextMajorVersion;
				minimumVersion = 1.0.0;
			};
		};
/* End XCRemoteSwiftPackageReference section */

/* Begin XCSwiftPackageProductDependency section */
		5B76901B2A11390000A480F2 /* KeyboardShortcuts */ = {
			isa = XCSwiftPackageProductDependency;
			package = 5B76901A2A11390000A480F2 /* XCRemoteSwiftPackageReference "KeyboardShortcuts" */;
			productName = KeyboardShortcuts;
		};
/* End XCSwiftPackageProductDependency section */
	};
	rootObject = 5B768FCA2A0F656400A480F2 /* Project object */;
}
